// !$*UTF8*$!
{
	archiveVersion = 1;
	classes = {
	};
	objectVersion = 77;
	objects = {

/* Begin PBXBuildFile section */
		0E9566BEBD854D9D1E4A685A /* FavoriteTeamGameActivityAttributes.swift in Sources */ = {isa = PBXBuildFile; fileRef = C66A6C22655B55A1DBE41893 /* FavoriteTeamGameActivityAttributes.swift */; };
		227A8A4633A90B208DCEED71 /* KBOScoreLiveActivityWidgetBundle.swift in Sources */ = {isa = PBXBuildFile; fileRef = 5507D843B43777EF9137F4D7 /* KBOScoreLiveActivityWidgetBundle.swift */; };
		66094892F9D497AF3F3E00DA /* kboScoreLiveActivityExtension.appex in Embed App Extensions */ = {isa = PBXBuildFile; fileRef = 5A818B794AC5135F972E9147 /* kboScoreLiveActivityExtension.appex */; };
		A1B2C3D4E5F6000000000001 /* FavoriteTeamScheduleWidget.swift in Sources */ = {isa = PBXBuildFile; fileRef = A1B2C3D4E5F6000000000003 /* FavoriteTeamScheduleWidget.swift */; };
		A1B2C3D4E5F6000000000002 /* FavoriteTeamScheduleWidgetShared.swift in Sources */ = {isa = PBXBuildFile; fileRef = A1B2C3D4E5F6000000000004 /* FavoriteTeamScheduleWidgetShared.swift */; };
		A1B2C3D4E5F6000000000006 /* kboScore/Models/Team.swift in Sources */ = {isa = PBXBuildFile; fileRef = A1B2C3D4E5F6000000000009 /* kboScore/Models/Team.swift */; };
		A1B2C3D4E5F6000000000007 /* kboScore/Models/TeamBrand.swift in Sources */ = {isa = PBXBuildFile; fileRef = A1B2C3D4E5F600000000000A /* kboScore/Models/TeamBrand.swift */; };
		A1B2C3D4E5F6000000000008 /* kboScore/Assets.xcassets in Resources */ = {isa = PBXBuildFile; fileRef = A1B2C3D4E5F600000000000B /* kboScore/Assets.xcassets */; };
		C299A616D0114D44F7EC39C2 /* KBOScoreLiveActivityWidget.swift in Sources */ = {isa = PBXBuildFile; fileRef = 19882FE9C0B099E95FE387FF /* KBOScoreLiveActivityWidget.swift */; };
/* End PBXBuildFile section */

/* Begin PBXContainerItemProxy section */
		344D6F98A182E925DB92EFC4 /* PBXContainerItemProxy */ = {
			isa = PBXContainerItemProxy;
			containerPortal = 9ACDD1A52F7418770049BF00 /* Project object */;
			proxyType = 1;
			remoteGlobalIDString = 7CABFB91388F40A07B6875BC;
			remoteInfo = kboScoreLiveActivityExtension;
		};
		9ACDD1BB2F7418780049BF00 /* PBXContainerItemProxy */ = {
			isa = PBXContainerItemProxy;
			containerPortal = 9ACDD1A52F7418770049BF00 /* Project object */;
			proxyType = 1;
			remoteGlobalIDString = 9ACDD1AC2F7418770049BF00;
			remoteInfo = kboScore;
		};
		9ACDD1C52F7418780049BF00 /* PBXContainerItemProxy */ = {
			isa = PBXContainerItemProxy;
			containerPortal = 9ACDD1A52F7418770049BF00 /* Project object */;
			proxyType = 1;
			remoteGlobalIDString = 9ACDD1AC2F7418770049BF00;
			remoteInfo = kboScore;
		};
/* End PBXContainerItemProxy section */

/* Begin PBXCopyFilesBuildPhase section */
		62D620F1A758FF0F5F6D607F /* Embed App Extensions */ = {
			isa = PBXCopyFilesBuildPhase;
			buildActionMask = 2147483647;
			dstPath = "";
			dstSubfolderSpec = 13;
			files = (
				66094892F9D497AF3F3E00DA /* kboScoreLiveActivityExtension.appex in Embed App Extensions */,
			);
			name = "Embed App Extensions";
			runOnlyForDeploymentPostprocessing = 0;
		};
/* End PBXCopyFilesBuildPhase section */

/* Begin PBXFileReference section */
		19882FE9C0B099E95FE387FF /* KBOScoreLiveActivityWidget.swift */ = {isa = PBXFileReference; includeInIndex = 1; lastKnownFileType = sourcecode.swift; path = KBOScoreLiveActivityWidget.swift; sourceTree = "<group>"; };
		5507D843B43777EF9137F4D7 /* KBOScoreLiveActivityWidgetBundle.swift */ = {isa = PBXFileReference; includeInIndex = 1; lastKnownFileType = sourcecode.swift; path = KBOScoreLiveActivityWidgetBundle.swift; sourceTree = "<group>"; };
		5A818B794AC5135F972E9147 /* kboScoreLiveActivityExtension.appex */ = {isa = PBXFileReference; explicitFileType = "wrapper.app-extension"; includeInIndex = 0; path = kboScoreLiveActivityExtension.appex; sourceTree = BUILT_PRODUCTS_DIR; };
		9ACDD1AD2F7418770049BF00 /* kboScore.app */ = {isa = PBXFileReference; explicitFileType = wrapper.application; includeInIndex = 0; path = kboScore.app; sourceTree = BUILT_PRODUCTS_DIR; };
		9ACDD1BA2F7418780049BF00 /* kboScoreTests.xctest */ = {isa = PBXFileReference; explicitFileType = wrapper.cfbundle; includeInIndex = 0; path = kboScoreTests.xctest; sourceTree = BUILT_PRODUCTS_DIR; };
		9ACDD1C42F7418780049BF00 /* kboScoreUITests.xctest */ = {isa = PBXFileReference; explicitFileType = wrapper.cfbundle; includeInIndex = 0; path = kboScoreUITests.xctest; sourceTree = BUILT_PRODUCTS_DIR; };
		A1B2C3D4E5F6000000000003 /* FavoriteTeamScheduleWidget.swift */ = {isa = PBXFileReference; includeInIndex = 1; lastKnownFileType = sourcecode.swift; path = FavoriteTeamScheduleWidget.swift; sourceTree = "<group>"; };
		A1B2C3D4E5F6000000000004 /* FavoriteTeamScheduleWidgetShared.swift */ = {isa = PBXFileReference; includeInIndex = 1; lastKnownFileType = sourcecode.swift; path = FavoriteTeamScheduleWidgetShared.swift; sourceTree = "<group>"; };
		A1B2C3D4E5F6000000000009 /* kboScore/Models/Team.swift */ = {isa = PBXFileReference; lastKnownFileType = sourcecode.swift; path = kboScore/Models/Team.swift; sourceTree = SOURCE_ROOT; };
		A1B2C3D4E5F600000000000A /* kboScore/Models/TeamBrand.swift */ = {isa = PBXFileReference; lastKnownFileType = sourcecode.swift; path = kboScore/Models/TeamBrand.swift; sourceTree = SOURCE_ROOT; };
		A1B2C3D4E5F600000000000B /* kboScore/Assets.xcassets */ = {isa = PBXFileReference; lastKnownFileType = folder.assetcatalog; path = kboScore/Assets.xcassets; sourceTree = SOURCE_ROOT; };
		C66A6C22655B55A1DBE41893 /* FavoriteTeamGameActivityAttributes.swift */ = {isa = PBXFileReference; includeInIndex = 1; lastKnownFileType = sourcecode.swift; path = FavoriteTeamGameActivityAttributes.swift; sourceTree = "<group>"; };
/* End PBXFileReference section */

/* Begin PBXFileSystemSynchronizedRootGroup section */
		9ACDD1AF2F7418770049BF00 /* kboScore */ = {
			isa = PBXFileSystemSynchronizedRootGroup;
			path = kboScore;
			sourceTree = "<group>";
		};
		9ACDD1BD2F7418780049BF00 /* kboScoreTests */ = {
			isa = PBXFileSystemSynchronizedRootGroup;
			path = kboScoreTests;
			sourceTree = "<group>";
		};
		9ACDD1C72F7418780049BF00 /* kboScoreUITests */ = {
			isa = PBXFileSystemSynchronizedRootGroup;
			path = kboScoreUITests;
			sourceTree = "<group>";
		};
/* End PBXFileSystemSynchronizedRootGroup section */

/* Begin PBXFrameworksBuildPhase section */
		81DA0B4B7A25C03C44E6C8DE /* Frameworks */ = {
			isa = PBXFrameworksBuildPhase;
			buildActionMask = 2147483647;
			files = (
			);
			runOnlyForDeploymentPostprocessing = 0;
		};
		9ACDD1AA2F7418770049BF00 /* Frameworks */ = {
			isa = PBXFrameworksBuildPhase;
			buildActionMask = 2147483647;
			files = (
			);
			runOnlyForDeploymentPostprocessing = 0;
		};
		9ACDD1B72F7418780049BF00 /* Frameworks */ = {
			isa = PBXFrameworksBuildPhase;
			buildActionMask = 2147483647;
			files = (
			);
			runOnlyForDeploymentPostprocessing = 0;
		};
		9ACDD1C12F7418780049BF00 /* Frameworks */ = {
			isa = PBXFrameworksBuildPhase;
			buildActionMask = 2147483647;
			files = (
			);
			runOnlyForDeploymentPostprocessing = 0;
		};
/* End PBXFrameworksBuildPhase section */

/* Begin PBXGroup section */
		5D38420BBCAF36CC55B6F0FA /* kboScoreLiveActivityExtension */ = {
			isa = PBXGroup;
			children = (
				A1B2C3D4E5F6000000000003 /* FavoriteTeamScheduleWidget.swift */,
				5507D843B43777EF9137F4D7 /* KBOScoreLiveActivityWidgetBundle.swift */,
				19882FE9C0B099E95FE387FF /* KBOScoreLiveActivityWidget.swift */,
			);
			path = kboScoreLiveActivityExtension;
			sourceTree = "<group>";
		};
		9ACDD1A42F7418770049BF00 = {
			isa = PBXGroup;
			children = (
				9ACDD1AF2F7418770049BF00 /* kboScore */,
				9ACDD1BD2F7418780049BF00 /* kboScoreTests */,
				9ACDD1C72F7418780049BF00 /* kboScoreUITests */,
				9ACDD1AE2F7418770049BF00 /* Products */,
				5D38420BBCAF36CC55B6F0FA /* kboScoreLiveActivityExtension */,
				BD0D7A35B5EA04A6D30B0C32 /* LiveActivitiesShared */,
				A1B2C3D4E5F6000000000005 /* kboScore/WidgetsShared */,
				A1B2C3D4E5F6000000000009 /* kboScore/Models/Team.swift */,
				A1B2C3D4E5F600000000000A /* kboScore/Models/TeamBrand.swift */,
				A1B2C3D4E5F600000000000B /* kboScore/Assets.xcassets */,
			);
			sourceTree = "<group>";
		};
		9ACDD1AE2F7418770049BF00 /* Products */ = {
			isa = PBXGroup;
			children = (
				9ACDD1AD2F7418770049BF00 /* kboScore.app */,
				9ACDD1BA2F7418780049BF00 /* kboScoreTests.xctest */,
				9ACDD1C42F7418780049BF00 /* kboScoreUITests.xctest */,
				5A818B794AC5135F972E9147 /* kboScoreLiveActivityExtension.appex */,
			);
			name = Products;
			sourceTree = "<group>";
		};
		A1B2C3D4E5F6000000000005 /* kboScore/WidgetsShared */ = {
			isa = PBXGroup;
			children = (
				A1B2C3D4E5F6000000000004 /* FavoriteTeamScheduleWidgetShared.swift */,
			);
			path = kboScore/WidgetsShared;
			sourceTree = "<group>";
		};
		BD0D7A35B5EA04A6D30B0C32 /* LiveActivitiesShared */ = {
			isa = PBXGroup;
			children = (
				C66A6C22655B55A1DBE41893 /* FavoriteTeamGameActivityAttributes.swift */,
			);
			name = LiveActivitiesShared;
			path = kboScore/LiveActivitiesShared;
			sourceTree = "<group>";
		};
/* End PBXGroup section */

/* Begin PBXNativeTarget section */
		7CABFB91388F40A07B6875BC /* kboScoreLiveActivityExtension */ = {
			isa = PBXNativeTarget;
			buildConfigurationList = D92CFC1271D87277099822AB /* Build configuration list for PBXNativeTarget "kboScoreLiveActivityExtension" */;
			buildPhases = (
				AFD9F988EDF48107BD080B5F /* Sources */,
				81DA0B4B7A25C03C44E6C8DE /* Frameworks */,
				0107860BBB65717FB4C95A4B /* Resources */,
			);
			buildRules = (
			);
			dependencies = (
			);
			name = kboScoreLiveActivityExtension;
			productName = kboScoreLiveActivityExtension;
			productReference = 5A818B794AC5135F972E9147 /* kboScoreLiveActivityExtension.appex */;
			productType = "com.apple.product-type.app-extension";
		};
		9ACDD1AC2F7418770049BF00 /* kboScore */ = {
			isa = PBXNativeTarget;
			buildConfigurationList = 9ACDD1CE2F7418780049BF00 /* Build configuration list for PBXNativeTarget "kboScore" */;
			buildPhases = (
				9ACDD1A92F7418770049BF00 /* Sources */,
				9ACDD1AA2F7418770049BF00 /* Frameworks */,
				9ACDD1AB2F7418770049BF00 /* Resources */,
				62D620F1A758FF0F5F6D607F /* Embed App Extensions */,
			);
			buildRules = (
			);
			dependencies = (
				D39AC85C20EBB127320F6EB6 /* PBXTargetDependency */,
			);
			fileSystemSynchronizedGroups = (
				9ACDD1AF2F7418770049BF00 /* kboScore */,
			);
			name = kboScore;
			productName = kboScore;
			productReference = 9ACDD1AD2F7418770049BF00 /* kboScore.app */;
			productType = "com.apple.product-type.application";
		};
		9ACDD1B92F7418780049BF00 /* kboScoreTests */ = {
			isa = PBXNativeTarget;
			buildConfigurationList = 9ACDD1D12F7418780049BF00 /* Build configuration list for PBXNativeTarget "kboScoreTests" */;
			buildPhases = (
				9ACDD1B62F7418780049BF00 /* Sources */,
				9ACDD1B72F7418780049BF00 /* Frameworks */,
				9ACDD1B82F7418780049BF00 /* Resources */,
			);
			buildRules = (
			);
			dependencies = (
				9ACDD1BC2F7418780049BF00 /* PBXTargetDependency */,
			);
			fileSystemSynchronizedGroups = (
				9ACDD1BD2F7418780049BF00 /* kboScoreTests */,
			);
			name = kboScoreTests;
			productName = kboScoreTests;
			productReference = 9ACDD1BA2F7418780049BF00 /* kboScoreTests.xctest */;
			productType = "com.apple.product-type.bundle.unit-test";
		};
		9ACDD1C32F7418780049BF00 /* kboScoreUITests */ = {
			isa = PBXNativeTarget;
			buildConfigurationList = 9ACDD1D42F7418780049BF00 /* Build configuration list for PBXNativeTarget "kboScoreUITests" */;
			buildPhases = (
				9ACDD1C02F7418780049BF00 /* Sources */,
				9ACDD1C12F7418780049BF00 /* Frameworks */,
				9ACDD1C22F7418780049BF00 /* Resources */,
			);
			buildRules = (
			);
			dependencies = (
				9ACDD1C62F7418780049BF00 /* PBXTargetDependency */,
			);
			fileSystemSynchronizedGroups = (
				9ACDD1C72F7418780049BF00 /* kboScoreUITests */,
			);
			name = kboScoreUITests;
			productName = kboScoreUITests;
			productReference = 9ACDD1C42F7418780049BF00 /* kboScoreUITests.xctest */;
			productType = "com.apple.product-type.bundle.ui-testing";
		};
/* End PBXNativeTarget section */

/* Begin PBXProject section */
		9ACDD1A52F7418770049BF00 /* Project object */ = {
			isa = PBXProject;
			attributes = {
				BuildIndependentTargetsInParallel = 1;
				LastSwiftUpdateCheck = 2630;
				LastUpgradeCheck = 2630;
				TargetAttributes = {
					9ACDD1AC2F7418770049BF00 = {
						CreatedOnToolsVersion = 26.3;
					};
					9ACDD1B92F7418780049BF00 = {
						CreatedOnToolsVersion = 26.3;
						TestTargetID = 9ACDD1AC2F7418770049BF00;
					};
					9ACDD1C32F7418780049BF00 = {
						CreatedOnToolsVersion = 26.3;
						TestTargetID = 9ACDD1AC2F7418770049BF00;
					};
				};
			};
			buildConfigurationList = 9ACDD1A82F7418770049BF00 /* Build configuration list for PBXProject "kboScore" */;
			developmentRegion = en;
			hasScannedForEncodings = 0;
			knownRegions = (
				en,
				Base,
			);
			mainGroup = 9ACDD1A42F7418770049BF00;
			minimizedProjectReferenceProxies = 1;
			preferredProjectObjectVersion = 77;
			productRefGroup = 9ACDD1AE2F7418770049BF00 /* Products */;
			projectDirPath = "";
			projectRoot = "";
			targets = (
				9ACDD1AC2F7418770049BF00 /* kboScore */,
				9ACDD1B92F7418780049BF00 /* kboScoreTests */,
				9ACDD1C32F7418780049BF00 /* kboScoreUITests */,
				7CABFB91388F40A07B6875BC /* kboScoreLiveActivityExtension */,
			);
		};
/* End PBXProject section */

/* Begin PBXResourcesBuildPhase section */
		0107860BBB65717FB4C95A4B /* Resources */ = {
			isa = PBXResourcesBuildPhase;
			buildActionMask = 2147483647;
			files = (
				A1B2C3D4E5F6000000000008 /* kboScore/Assets.xcassets in Resources */,
			);
			runOnlyForDeploymentPostprocessing = 0;
		};
		9ACDD1AB2F7418770049BF00 /* Resources */ = {
			isa = PBXResourcesBuildPhase;
			buildActionMask = 2147483647;
			files = (
			);
			runOnlyForDeploymentPostprocessing = 0;
		};
		9ACDD1B82F7418780049BF00 /* Resources */ = {
			isa = PBXResourcesBuildPhase;
			buildActionMask = 2147483647;
			files = (
			);
			runOnlyForDeploymentPostprocessing = 0;
		};
		9ACDD1C22F7418780049BF00 /* Resources */ = {
			isa = PBXResourcesBuildPhase;
			buildActionMask = 2147483647;
			files = (
			);
			runOnlyForDeploymentPostprocessing = 0;
		};
/* End PBXResourcesBuildPhase section */

/* Begin PBXSourcesBuildPhase section */
		9ACDD1A92F7418770049BF00 /* Sources */ = {
			isa = PBXSourcesBuildPhase;
			buildActionMask = 2147483647;
			files = (
			);
			runOnlyForDeploymentPostprocessing = 0;
		};
		9ACDD1B62F7418780049BF00 /* Sources */ = {
			isa = PBXSourcesBuildPhase;
			buildActionMask = 2147483647;
			files = (
			);
			runOnlyForDeploymentPostprocessing = 0;
		};
		9ACDD1C02F7418780049BF00 /* Sources */ = {
			isa = PBXSourcesBuildPhase;
			buildActionMask = 2147483647;
			files = (
			);
			runOnlyForDeploymentPostprocessing = 0;
		};
		AFD9F988EDF48107BD080B5F /* Sources */ = {
			isa = PBXSourcesBuildPhase;
			buildActionMask = 2147483647;
			files = (
				A1B2C3D4E5F6000000000002 /* FavoriteTeamScheduleWidgetShared.swift in Sources */,
				A1B2C3D4E5F6000000000001 /* FavoriteTeamScheduleWidget.swift in Sources */,
				A1B2C3D4E5F6000000000007 /* kboScore/Models/TeamBrand.swift in Sources */,
				A1B2C3D4E5F6000000000006 /* kboScore/Models/Team.swift in Sources */,
				227A8A4633A90B208DCEED71 /* KBOScoreLiveActivityWidgetBundle.swift in Sources */,
				C299A616D0114D44F7EC39C2 /* KBOScoreLiveActivityWidget.swift in Sources */,
				0E9566BEBD854D9D1E4A685A /* FavoriteTeamGameActivityAttributes.swift in Sources */,
			);
			runOnlyForDeploymentPostprocessing = 0;
		};
/* End PBXSourcesBuildPhase section */

/* Begin PBXTargetDependency section */
		9ACDD1BC2F7418780049BF00 /* PBXTargetDependency */ = {
			isa = PBXTargetDependency;
			target = 9ACDD1AC2F7418770049BF00 /* kboScore */;
			targetProxy = 9ACDD1BB2F7418780049BF00 /* PBXContainerItemProxy */;
		};
		9ACDD1C62F7418780049BF00 /* PBXTargetDependency */ = {
			isa = PBXTargetDependency;
			target = 9ACDD1AC2F7418770049BF00 /* kboScore */;
			targetProxy = 9ACDD1C52F7418780049BF00 /* PBXContainerItemProxy */;
		};
		D39AC85C20EBB127320F6EB6 /* PBXTargetDependency */ = {
			isa = PBXTargetDependency;
			name = kboScoreLiveActivityExtension;
			target = 7CABFB91388F40A07B6875BC /* kboScoreLiveActivityExtension */;
			targetProxy = 344D6F98A182E925DB92EFC4 /* PBXContainerItemProxy */;
		};
/* End PBXTargetDependency section */

/* Begin XCBuildConfiguration section */
		173FF4F81CC9A573B3AFB360 /* Release */ = {
			isa = XCBuildConfiguration;
			buildSettings = {
				APPLICATION_EXTENSION_API_ONLY = YES;
				CLANG_ENABLE_OBJC_WEAK = NO;
				CODE_SIGN_ENTITLEMENTS = kboScoreLiveActivityExtension/kboScoreLiveActivityExtension.entitlements;
				CODE_SIGN_STYLE = Automatic;
				CURRENT_PROJECT_VERSION = 7;
				DEVELOPMENT_TEAM = M6L5TLN44L;
				GENERATE_INFOPLIST_FILE = NO;
				INFOPLIST_FILE = kboScoreLiveActivityExtension/Info.plist;
				IPHONEOS_DEPLOYMENT_TARGET = 26.2;
				LD_RUNPATH_SEARCH_PATHS = (
					"$(inherited)",
					"@executable_path/Frameworks",
					"@executable_path/../../Frameworks",
				);
				MARKETING_VERSION = 1.0;
				PRODUCT_BUNDLE_IDENTIFIER = com.chogm.kboScore.LiveActivityExtension;
				PRODUCT_NAME = "$(TARGET_NAME)";
				SDKROOT = auto;
				SKIP_INSTALL = YES;
				STRING_CATALOG_GENERATE_SYMBOLS = YES;
				SUPPORTED_PLATFORMS = "iphoneos iphonesimulator";
				SWIFT_APPROACHABLE_CONCURRENCY = YES;
				SWIFT_EMIT_LOC_STRINGS = YES;
				SWIFT_UPCOMING_FEATURE_MEMBER_IMPORT_VISIBILITY = YES;
				SWIFT_VERSION = 5.0;
				TARGETED_DEVICE_FAMILY = 1;
				VALIDATE_PRODUCT = YES;
			};
			name = Release;
		};
		9ACDD1CC2F7418780049BF00 /* Debug */ = {
			isa = XCBuildConfiguration;
			buildSettings = {
				ALWAYS_SEARCH_USER_PATHS = NO;
				ASSETCATALOG_COMPILER_GENERATE_SWIFT_ASSET_SYMBOL_EXTENSIONS = YES;
				CLANG_ANALYZER_NONNULL = YES;
				CLANG_ANALYZER_NUMBER_OBJECT_CONVERSION = YES_AGGRESSIVE;
				CLANG_CXX_LANGUAGE_STANDARD = "gnu++20";
				CLANG_ENABLE_MODULES = YES;
				CLANG_ENABLE_OBJC_ARC = YES;
				CLANG_ENABLE_OBJC_WEAK = YES;
				CLANG_WARN_BLOCK_CAPTURE_AUTORELEASING = YES;
				CLANG_WARN_BOOL_CONVERSION = YES;
				CLANG_WARN_COMMA = YES;
				CLANG_WARN_CONSTANT_CONVERSION = YES;
				CLANG_WARN_DEPRECATED_OBJC_IMPLEMENTATIONS = YES;
				CLANG_WARN_DIRECT_OBJC_ISA_USAGE = YES_ERROR;
				CLANG_WARN_DOCUMENTATION_COMMENTS = YES;
				CLANG_WARN_EMPTY_BODY = YES;
				CLANG_WARN_ENUM_CONVERSION = YES;
				CLANG_WARN_INFINITE_RECURSION = YES;
				CLANG_WARN_INT_CONVERSION = YES;
				CLANG_WARN_NON_LITERAL_NULL_CONVERSION = YES;
				CLANG_WARN_OBJC_IMPLICIT_RETAIN_SELF = YES;
				CLANG_WARN_OBJC_LITERAL_CONVERSION = YES;
				CLANG_WARN_OBJC_ROOT_CLASS = YES_ERROR;
				CLANG_WARN_QUOTED_INCLUDE_IN_FRAMEWORK_HEADER = YES;
				CLANG_WARN_RANGE_LOOP_ANALYSIS = YES;
				CLANG_WARN_STRICT_PROTOTYPES = YES;
				CLANG_WARN_SUSPICIOUS_MOVE = YES;
				CLANG_WARN_UNGUARDED_AVAILABILITY = YES_AGGRESSIVE;
				CLANG_WARN_UNREACHABLE_CODE = YES;
				CLANG_WARN__DUPLICATE_METHOD_MATCH = YES;
				COPY_PHASE_STRIP = NO;
				DEBUG_INFORMATION_FORMAT = dwarf;
				DEVELOPMENT_TEAM = M6L5TLN44L;
				ENABLE_STRICT_OBJC_MSGSEND = YES;
				ENABLE_TESTABILITY = YES;
				ENABLE_USER_SCRIPT_SANDBOXING = YES;
				GCC_C_LANGUAGE_STANDARD = gnu17;
				GCC_DYNAMIC_NO_PIC = NO;
				GCC_NO_COMMON_BLOCKS = YES;
				GCC_OPTIMIZATION_LEVEL = 0;
				GCC_PREPROCESSOR_DEFINITIONS = (
					"DEBUG=1",
					"$(inherited)",
				);
				GCC_WARN_64_TO_32_BIT_CONVERSION = YES;
				GCC_WARN_ABOUT_RETURN_TYPE = YES_ERROR;
				GCC_WARN_UNDECLARED_SELECTOR = YES;
				GCC_WARN_UNINITIALIZED_AUTOS = YES_AGGRESSIVE;
				GCC_WARN_UNUSED_FUNCTION = YES;
				GCC_WARN_UNUSED_VARIABLE = YES;
				LOCALIZATION_PREFERS_STRING_CATALOGS = YES;
				MTL_ENABLE_DEBUG_INFO = INCLUDE_SOURCE;
				MTL_FAST_MATH = YES;
				ONLY_ACTIVE_ARCH = YES;
				SWIFT_ACTIVE_COMPILATION_CONDITIONS = "DEBUG $(inherited)";
				SWIFT_OPTIMIZATION_LEVEL = "-Onone";
			};
			name = Debug;
		};
		9ACDD1CD2F7418780049BF00 /* Release */ = {
			isa = XCBuildConfiguration;
			buildSettings = {
				ALWAYS_SEARCH_USER_PATHS = NO;
				ASSETCATALOG_COMPILER_GENERATE_SWIFT_ASSET_SYMBOL_EXTENSIONS = YES;
				CLANG_ANALYZER_NONNULL = YES;
				CLANG_ANALYZER_NUMBER_OBJECT_CONVERSION = YES_AGGRESSIVE;
				CLANG_CXX_LANGUAGE_STANDARD = "gnu++20";
				CLANG_ENABLE_MODULES = YES;
				CLANG_ENABLE_OBJC_ARC = YES;
				CLANG_ENABLE_OBJC_WEAK = YES;
				CLANG_WARN_BLOCK_CAPTURE_AUTORELEASING = YES;
				CLANG_WARN_BOOL_CONVERSION = YES;
				CLANG_WARN_COMMA = YES;
				CLANG_WARN_CONSTANT_CONVERSION = YES;
				CLANG_WARN_DEPRECATED_OBJC_IMPLEMENTATIONS = YES;
				CLANG_WARN_DIRECT_OBJC_ISA_USAGE = YES_ERROR;
				CLANG_WARN_DOCUMENTATION_COMMENTS = YES;
				CLANG_WARN_EMPTY_BODY = YES;
				CLANG_WARN_ENUM_CONVERSION = YES;
				CLANG_WARN_INFINITE_RECURSION = YES;
				CLANG_WARN_INT_CONVERSION = YES;
				CLANG_WARN_NON_LITERAL_NULL_CONVERSION = YES;
				CLANG_WARN_OBJC_IMPLICIT_RETAIN_SELF = YES;
				CLANG_WARN_OBJC_LITERAL_CONVERSION = YES;
				CLANG_WARN_OBJC_ROOT_CLASS = YES_ERROR;
				CLANG_WARN_QUOTED_INCLUDE_IN_FRAMEWORK_HEADER = YES;
				CLANG_WARN_RANGE_LOOP_ANALYSIS = YES;
				CLANG_WARN_STRICT_PROTOTYPES = YES;
				CLANG_WARN_SUSPICIOUS_MOVE = YES;
				CLANG_WARN_UNGUARDED_AVAILABILITY = YES_AGGRESSIVE;
				CLANG_WARN_UNREACHABLE_CODE = YES;
				CLANG_WARN__DUPLICATE_METHOD_MATCH = YES;
				COPY_PHASE_STRIP = NO;
				DEBUG_INFORMATION_FORMAT = "dwarf-with-dsym";
				DEVELOPMENT_TEAM = M6L5TLN44L;
				ENABLE_NS_ASSERTIONS = NO;
				ENABLE_STRICT_OBJC_MSGSEND = YES;
				ENABLE_USER_SCRIPT_SANDBOXING = YES;
				GCC_C_LANGUAGE_STANDARD = gnu17;
				GCC_NO_COMMON_BLOCKS = YES;
				GCC_WARN_64_TO_32_BIT_CONVERSION = YES;
				GCC_WARN_ABOUT_RETURN_TYPE = YES_ERROR;
				GCC_WARN_UNDECLARED_SELECTOR = YES;
				GCC_WARN_UNINITIALIZED_AUTOS = YES_AGGRESSIVE;
				GCC_WARN_UNUSED_FUNCTION = YES;
				GCC_WARN_UNUSED_VARIABLE = YES;
				LOCALIZATION_PREFERS_STRING_CATALOGS = YES;
				MTL_ENABLE_DEBUG_INFO = NO;
				MTL_FAST_MATH = YES;
				SWIFT_COMPILATION_MODE = wholemodule;
			};
			name = Release;
		};
		9ACDD1CF2F7418780049BF00 /* Debug */ = {
			isa = XCBuildConfiguration;
			buildSettings = {
				ASSETCATALOG_COMPILER_APPICON_NAME = AppIcon;
				ASSETCATALOG_COMPILER_GLOBAL_ACCENT_COLOR_NAME = AccentColor;
				CODE_SIGN_ENTITLEMENTS = kboScore/kboScore.entitlements;
				CODE_SIGN_STYLE = Automatic;
				CURRENT_PROJECT_VERSION = 7;
				DEVELOPMENT_TEAM = M6L5TLN44L;
				ENABLE_APP_SANDBOX = YES;
				ENABLE_HARDENED_RUNTIME = YES;
				ENABLE_PREVIEWS = YES;
				ENABLE_USER_SELECTED_FILES = readonly;
				GENERATE_INFOPLIST_FILE = NO;
				INFOPLIST_FILE = "Info-Debug.plist";
				INFOPLIST_KEY_KBOBackendBaseURL = "$(KBO_BACKEND_BASE_URL)";
				INFOPLIST_KEY_NSAppTransportSecurity_NSExceptionDomains_localhost_NSExceptionAllowsInsecureHTTPLoads = YES;
				INFOPLIST_KEY_NSSupportsLiveActivities = YES;
				"INFOPLIST_KEY_UIApplicationSceneManifest_Generation[sdk=iphoneos*]" = YES;
				"INFOPLIST_KEY_UIApplicationSceneManifest_Generation[sdk=iphonesimulator*]" = YES;
				"INFOPLIST_KEY_UIApplicationSupportsIndirectInputEvents[sdk=iphoneos*]" = YES;
				"INFOPLIST_KEY_UIApplicationSupportsIndirectInputEvents[sdk=iphonesimulator*]" = YES;
				"INFOPLIST_KEY_UILaunchScreen_Generation[sdk=iphoneos*]" = YES;
				"INFOPLIST_KEY_UILaunchScreen_Generation[sdk=iphonesimulator*]" = YES;
				"INFOPLIST_KEY_UIStatusBarStyle[sdk=iphoneos*]" = UIStatusBarStyleDefault;
				"INFOPLIST_KEY_UIStatusBarStyle[sdk=iphonesimulator*]" = UIStatusBarStyleDefault;
				INFOPLIST_KEY_UISupportedInterfaceOrientations_iPad = "UIInterfaceOrientationPortrait UIInterfaceOrientationPortraitUpsideDown UIInterfaceOrientationLandscapeLeft UIInterfaceOrientationLandscapeRight";
				INFOPLIST_KEY_UISupportedInterfaceOrientations_iPhone = "UIInterfaceOrientationPortrait UIInterfaceOrientationLandscapeLeft UIInterfaceOrientationLandscapeRight";
				IPHONEOS_DEPLOYMENT_TARGET = 26.2;
				KBO_BACKEND_BASE_URL = "http://localhost:8088";
				LD_RUNPATH_SEARCH_PATHS = "@executable_path/Frameworks";
				"LD_RUNPATH_SEARCH_PATHS[sdk=macosx*]" = "@executable_path/../Frameworks";
				MACOSX_DEPLOYMENT_TARGET = 26.2;
				MARKETING_VERSION = 1.0;
				PRODUCT_BUNDLE_IDENTIFIER = com.chogm.kboScore;
				PRODUCT_NAME = "$(TARGET_NAME)";
				REGISTER_APP_GROUPS = YES;
				SDKROOT = auto;
				STRING_CATALOG_GENERATE_SYMBOLS = YES;
				SUPPORTED_PLATFORMS = "iphoneos iphonesimulator macosx xros xrsimulator";
				SWIFT_APPROACHABLE_CONCURRENCY = YES;
				SWIFT_DEFAULT_ACTOR_ISOLATION = MainActor;
				SWIFT_EMIT_LOC_STRINGS = YES;
				SWIFT_UPCOMING_FEATURE_MEMBER_IMPORT_VISIBILITY = YES;
				SWIFT_VERSION = 5.0;
				TARGETED_DEVICE_FAMILY = "1,2,7";
				XROS_DEPLOYMENT_TARGET = 26.2;
			};
			name = Debug;
		};
		9ACDD1D02F7418780049BF00 /* Release */ = {
			isa = XCBuildConfiguration;
			buildSettings = {
				ASSETCATALOG_COMPILER_APPICON_NAME = AppIcon;
				ASSETCATALOG_COMPILER_GLOBAL_ACCENT_COLOR_NAME = AccentColor;
				CODE_SIGN_ENTITLEMENTS = kboScore/kboScore.entitlements;
				CODE_SIGN_STYLE = Automatic;
				CURRENT_PROJECT_VERSION = 7;
				DEVELOPMENT_TEAM = M6L5TLN44L;
				ENABLE_APP_SANDBOX = YES;
				ENABLE_HARDENED_RUNTIME = YES;
				ENABLE_PREVIEWS = YES;
				ENABLE_USER_SELECTED_FILES = readonly;
				GENERATE_INFOPLIST_FILE = NO;
				INFOPLIST_FILE = "Info-Release.plist";
				INFOPLIST_KEY_KBOBackendBaseURL = "$(KBO_BACKEND_BASE_URL)";
				INFOPLIST_KEY_NSSupportsLiveActivities = YES;
				"INFOPLIST_KEY_UIApplicationSceneManifest_Generation[sdk=iphoneos*]" = YES;
				"INFOPLIST_KEY_UIApplicationSceneManifest_Generation[sdk=iphonesimulator*]" = YES;
				"INFOPLIST_KEY_UIApplicationSupportsIndirectInputEvents[sdk=iphoneos*]" = YES;
				"INFOPLIST_KEY_UIApplicationSupportsIndirectInputEvents[sdk=iphonesimulator*]" = YES;
				"INFOPLIST_KEY_UILaunchScreen_Generation[sdk=iphoneos*]" = YES;
				"INFOPLIST_KEY_UILaunchScreen_Generation[sdk=iphonesimulator*]" = YES;
				"INFOPLIST_KEY_UIStatusBarStyle[sdk=iphoneos*]" = UIStatusBarStyleDefault;
				"INFOPLIST_KEY_UIStatusBarStyle[sdk=iphonesimulator*]" = UIStatusBarStyleDefault;
				INFOPLIST_KEY_UISupportedInterfaceOrientations_iPad = "UIInterfaceOrientationPortrait UIInterfaceOrientationPortraitUpsideDown UIInterfaceOrientationLandscapeLeft UIInterfaceOrientationLandscapeRight";
				INFOPLIST_KEY_UISupportedInterfaceOrientations_iPhone = "UIInterfaceOrientationPortrait UIInterfaceOrientationLandscapeLeft UIInterfaceOrientationLandscapeRight";
				IPHONEOS_DEPLOYMENT_TARGET = 26.2;
				KBO_BACKEND_BASE_URL = "";
				LD_RUNPATH_SEARCH_PATHS = "@executable_path/Frameworks";
				"LD_RUNPATH_SEARCH_PATHS[sdk=macosx*]" = "@executable_path/../Frameworks";
				MACOSX_DEPLOYMENT_TARGET = 26.2;
				MARKETING_VERSION = 1.0;
				PRODUCT_BUNDLE_IDENTIFIER = com.chogm.kboScore;
				PRODUCT_NAME = "$(TARGET_NAME)";
				REGISTER_APP_GROUPS = YES;
				SDKROOT = auto;
				STRING_CATALOG_GENERATE_SYMBOLS = YES;
				SUPPORTED_PLATFORMS = "iphoneos iphonesimulator macosx xros xrsimulator";
				SWIFT_APPROACHABLE_CONCURRENCY = YES;
				SWIFT_DEFAULT_ACTOR_ISOLATION = MainActor;
				SWIFT_EMIT_LOC_STRINGS = YES;
				SWIFT_UPCOMING_FEATURE_MEMBER_IMPORT_VISIBILITY = YES;
				SWIFT_VERSION = 5.0;
				TARGETED_DEVICE_FAMILY = "1,2,7";
				XROS_DEPLOYMENT_TARGET = 26.2;
			};
			name = Release;
		};
		9ACDD1D22F7418780049BF00 /* Debug */ = {
			isa = XCBuildConfiguration;
			buildSettings = {
				BUNDLE_LOADER = "$(TEST_HOST)";
				CODE_SIGN_STYLE = Automatic;
				CURRENT_PROJECT_VERSION = 7;
				DEVELOPMENT_TEAM = M6L5TLN44L;
				GENERATE_INFOPLIST_FILE = YES;
				IPHONEOS_DEPLOYMENT_TARGET = 26.2;
				MACOSX_DEPLOYMENT_TARGET = 26.2;
				MARKETING_VERSION = 1.0;
				PRODUCT_BUNDLE_IDENTIFIER = com.chogm.kboScoreTests;
				PRODUCT_NAME = "$(TARGET_NAME)";
				SDKROOT = auto;
				STRING_CATALOG_GENERATE_SYMBOLS = NO;
				SUPPORTED_PLATFORMS = "iphoneos iphonesimulator macosx xros xrsimulator";
				SWIFT_APPROACHABLE_CONCURRENCY = YES;
				SWIFT_EMIT_LOC_STRINGS = NO;
				SWIFT_UPCOMING_FEATURE_MEMBER_IMPORT_VISIBILITY = YES;
				SWIFT_VERSION = 5.0;
				TARGETED_DEVICE_FAMILY = "1,2,7";
				TEST_HOST = "$(BUILT_PRODUCTS_DIR)/kboScore.app/$(BUNDLE_EXECUTABLE_FOLDER_PATH)/kboScore";
				XROS_DEPLOYMENT_TARGET = 26.2;
			};
			name = Debug;
		};
		9ACDD1D32F7418780049BF00 /* Release */ = {
			isa = XCBuildConfiguration;
			buildSettings = {
				BUNDLE_LOADER = "$(TEST_HOST)";
				CODE_SIGN_STYLE = Automatic;
				CURRENT_PROJECT_VERSION = 7;
				DEVELOPMENT_TEAM = M6L5TLN44L;
				GENERATE_INFOPLIST_FILE = YES;
				IPHONEOS_DEPLOYMENT_TARGET = 26.2;
				MACOSX_DEPLOYMENT_TARGET = 26.2;
				MARKETING_VERSION = 1.0;
				PRODUCT_BUNDLE_IDENTIFIER = com.chogm.kboScoreTests;
				PRODUCT_NAME = "$(TARGET_NAME)";
				SDKROOT = auto;
				STRING_CATALOG_GENERATE_SYMBOLS = NO;
				SUPPORTED_PLATFORMS = "iphoneos iphonesimulator macosx xros xrsimulator";
				SWIFT_APPROACHABLE_CONCURRENCY = YES;
				SWIFT_EMIT_LOC_STRINGS = NO;
				SWIFT_UPCOMING_FEATURE_MEMBER_IMPORT_VISIBILITY = YES;
				SWIFT_VERSION = 5.0;
				TARGETED_DEVICE_FAMILY = "1,2,7";
				TEST_HOST = "$(BUILT_PRODUCTS_DIR)/kboScore.app/$(BUNDLE_EXECUTABLE_FOLDER_PATH)/kboScore";
				XROS_DEPLOYMENT_TARGET = 26.2;
			};
			name = Release;
		};
		9ACDD1D52F7418780049BF00 /* Debug */ = {
			isa = XCBuildConfiguration;
			buildSettings = {
				CODE_SIGN_STYLE = Automatic;
				CURRENT_PROJECT_VERSION = 7;
				DEVELOPMENT_TEAM = M6L5TLN44L;
				GENERATE_INFOPLIST_FILE = YES;
				IPHONEOS_DEPLOYMENT_TARGET = 26.2;
				MACOSX_DEPLOYMENT_TARGET = 26.2;
				MARKETING_VERSION = 1.0;
				PRODUCT_BUNDLE_IDENTIFIER = com.chogm.kboScoreUITests;
				PRODUCT_NAME = "$(TARGET_NAME)";
				SDKROOT = auto;
				STRING_CATALOG_GENERATE_SYMBOLS = NO;
				SUPPORTED_PLATFORMS = "iphoneos iphonesimulator macosx xros xrsimulator";
				SWIFT_APPROACHABLE_CONCURRENCY = YES;
				SWIFT_EMIT_LOC_STRINGS = NO;
				SWIFT_UPCOMING_FEATURE_MEMBER_IMPORT_VISIBILITY = YES;
				SWIFT_VERSION = 5.0;
				TARGETED_DEVICE_FAMILY = "1,2,7";
				TEST_TARGET_NAME = kboScore;
				XROS_DEPLOYMENT_TARGET = 26.2;
			};
			name = Debug;
		};
		9ACDD1D62F7418780049BF00 /* Release */ = {
			isa = XCBuildConfiguration;
			buildSettings = {
				CODE_SIGN_STYLE = Automatic;
				CURRENT_PROJECT_VERSION = 7;
				DEVELOPMENT_TEAM = M6L5TLN44L;
				GENERATE_INFOPLIST_FILE = YES;
				IPHONEOS_DEPLOYMENT_TARGET = 26.2;
				MACOSX_DEPLOYMENT_TARGET = 26.2;
				MARKETING_VERSION = 1.0;
				PRODUCT_BUNDLE_IDENTIFIER = com.chogm.kboScoreUITests;
				PRODUCT_NAME = "$(TARGET_NAME)";
				SDKROOT = auto;
				STRING_CATALOG_GENERATE_SYMBOLS = NO;
				SUPPORTED_PLATFORMS = "iphoneos iphonesimulator macosx xros xrsimulator";
				SWIFT_APPROACHABLE_CONCURRENCY = YES;
				SWIFT_EMIT_LOC_STRINGS = NO;
				SWIFT_UPCOMING_FEATURE_MEMBER_IMPORT_VISIBILITY = YES;
				SWIFT_VERSION = 5.0;
				TARGETED_DEVICE_FAMILY = "1,2,7";
				TEST_TARGET_NAME = kboScore;
				XROS_DEPLOYMENT_TARGET = 26.2;
			};
			name = Release;
		};
		AF82D1EDDCC8DFFFF088E0A1 /* Debug */ = {
			isa = XCBuildConfiguration;
			buildSettings = {
				APPLICATION_EXTENSION_API_ONLY = YES;
				CLANG_ENABLE_OBJC_WEAK = NO;
				CODE_SIGN_ENTITLEMENTS = kboScoreLiveActivityExtension/kboScoreLiveActivityExtension.entitlements;
				CODE_SIGN_STYLE = Automatic;
				CURRENT_PROJECT_VERSION = 7;
				DEVELOPMENT_TEAM = M6L5TLN44L;
				GENERATE_INFOPLIST_FILE = NO;
				INFOPLIST_FILE = kboScoreLiveActivityExtension/Info.plist;
				IPHONEOS_DEPLOYMENT_TARGET = 26.2;
				LD_RUNPATH_SEARCH_PATHS = (
					"$(inherited)",
					"@executable_path/Frameworks",
					"@executable_path/../../Frameworks",
				);
				MARKETING_VERSION = 1.0;
				PRODUCT_BUNDLE_IDENTIFIER = com.chogm.kboScore.LiveActivityExtension;
				PRODUCT_NAME = "$(TARGET_NAME)";
				SDKROOT = auto;
				SKIP_INSTALL = YES;
				STRING_CATALOG_GENERATE_SYMBOLS = YES;
				SUPPORTED_PLATFORMS = "iphoneos iphonesimulator";
				SWIFT_APPROACHABLE_CONCURRENCY = YES;
				SWIFT_EMIT_LOC_STRINGS = YES;
				SWIFT_UPCOMING_FEATURE_MEMBER_IMPORT_VISIBILITY = YES;
				SWIFT_VERSION = 5.0;
				TARGETED_DEVICE_FAMILY = 1;
			};
			name = Debug;
		};
/* End XCBuildConfiguration section */

/* Begin XCConfigurationList section */
		9ACDD1A82F7418770049BF00 /* Build configuration list for PBXProject "kboScore" */ = {
			isa = XCConfigurationList;
			buildConfigurations = (
				9ACDD1CC2F7418780049BF00 /* Debug */,
				9ACDD1CD2F7418780049BF00 /* Release */,
			);
			defaultConfigurationIsVisible = 0;
			defaultConfigurationName = Release;
		};
		9ACDD1CE2F7418780049BF00 /* Build configuration list for PBXNativeTarget "kboScore" */ = {
			isa = XCConfigurationList;
			buildConfigurations = (
				9ACDD1CF2F7418780049BF00 /* Debug */,
				9ACDD1D02F7418780049BF00 /* Release */,
			);
			defaultConfigurationIsVisible = 0;
			defaultConfigurationName = Release;
		};
		9ACDD1D12F7418780049BF00 /* Build configuration list for PBXNativeTarget "kboScoreTests" */ = {
			isa = XCConfigurationList;
			buildConfigurations = (
				9ACDD1D22F7418780049BF00 /* Debug */,
				9ACDD1D32F7418780049BF00 /* Release */,
			);
			defaultConfigurationIsVisible = 0;
			defaultConfigurationName = Release;
		};
		9ACDD1D42F7418780049BF00 /* Build configuration list for PBXNativeTarget "kboScoreUITests" */ = {
			isa = XCConfigurationList;
			buildConfigurations = (
				9ACDD1D52F7418780049BF00 /* Debug */,
				9ACDD1D62F7418780049BF00 /* Release */,
			);
			defaultConfigurationIsVisible = 0;
			defaultConfigurationName = Release;
		};
		D92CFC1271D87277099822AB /* Build configuration list for PBXNativeTarget "kboScoreLiveActivityExtension" */ = {
			isa = XCConfigurationList;
			buildConfigurations = (
				173FF4F81CC9A573B3AFB360 /* Release */,
				AF82D1EDDCC8DFFFF088E0A1 /* Debug */,
			);
			defaultConfigurationIsVisible = 0;
			defaultConfigurationName = Release;
		};
/* End XCConfigurationList section */
	};
	rootObject = 9ACDD1A52F7418770049BF00 /* Project object */;
}
